<?xml version="1.0" encoding="utf-8"?>
<Project ToolsVersion="4.0" xmlns="http://schemas.microsoft.com/developer/msbuild/2003">
  <ItemGroup>
    <ClCompile Include="main.cpp" />
    <ClCompile Include="CameraControl.cpp">
      <Filter>Game</Filter>
    </ClCompile>
    <ClCompile Include="Game.cpp">
      <Filter>Game</Filter>
    </ClCompile>
    <ClCompile Include="MarioControl.cpp">
      <Filter>Game</Filter>
    </ClCompile>
    <ClCompile Include="BlockControl.cpp">
      <Filter>Game</Filter>
    </ClCompile>
    <ClCompile Include="GoombaControl.cpp">
      <Filter>Game</Filter>
    </ClCompile>
  </ItemGroup>
  <ItemGroup>
    <ClInclude Include="Game.h">
      <Filter>Game</Filter>
    </ClInclude>
    <ClInclude Include="CameraControl.h">
      <Filter>Game</Filter>
    </ClInclude>
    <ClInclude Include="MarioControl.h">
      <Filter>Game</Filter>
    </ClInclude>
    <ClInclude Include="BlockControl.h">
      <Filter>Game</Filter>
    </ClInclude>
    <ClInclude Include="GoombaControl.h">
      <Filter>Game</Filter>
    </ClInclude>
  </ItemGroup>
  <ItemGroup>
    <Filter Include="Game">
      <UniqueIdentifier>{078e2bdd-2e52-4929-919a-311192f15352}</UniqueIdentifier>
    </Filter>
  </ItemGroup>
</Project>